// !$*UTF8*$!
{
	archiveVersion = 1;
	classes = {
	};
	objectVersion = 77;
	objects = {

/* Begin PBXBuildFile section */
		274B0DBC2ED9B59500825816 /* FirebaseAI in Frameworks */ = {isa = PBXBuildFile; productRef = 274B0DBB2ED9B59500825816 /* FirebaseAI */; };
		274B0DBE2ED9B59500825816 /* FirebaseAILogic in Frameworks */ = {isa = PBXBuildFile; productRef = 274B0DBD2ED9B59500825816 /* FirebaseAILogic */; };
		274B0DC02ED9B59500825816 /* FirebaseAnalytics in Frameworks */ = {isa = PBXBuildFile; productRef = 274B0DBF2ED9B59500825816 /* FirebaseAnalytics */; };
		274B0DC22ED9B59500825816 /* FirebaseAnalyticsCore in Frameworks */ = {isa = PBXBuildFile; productRef = 274B0DC12ED9B59500825816 /* FirebaseAnalyticsCore */; };
		274B0DC42ED9B59500825816 /* FirebaseAnalyticsIdentitySupport in Frameworks */ = {isa = PBXBuildFile; productRef = 274B0DC32ED9B59500825816 /* FirebaseAnalyticsIdentitySupport */; };
		277D766B2ED9E777008C8404 /* FirebaseAppCheck in Frameworks */ = {isa = PBXBuildFile; productRef = 277D766A2ED9E777008C8404 /* FirebaseAppCheck */; };
		277D766D2ED9E777008C8404 /* FirebaseAppDistribution-Beta in Frameworks */ = {isa = PBXBuildFile; productRef = 277D766C2ED9E777008C8404 /* FirebaseAppDistribution-Beta */; };
		277D766F2ED9E777008C8404 /* FirebaseAuth in Frameworks */ = {isa = PBXBuildFile; productRef = 277D766E2ED9E777008C8404 /* FirebaseAuth */; };
		277D76712ED9E777008C8404 /* FirebaseAuthCombine-Community in Frameworks */ = {isa = PBXBuildFile; productRef = 277D76702ED9E777008C8404 /* FirebaseAuthCombine-Community */; };
		277D76732ED9E777008C8404 /* FirebaseCore in Frameworks */ = {isa = PBXBuildFile; productRef = 277D76722ED9E777008C8404 /* FirebaseCore */; };
		277D76752ED9E777008C8404 /* FirebaseCrashlytics in Frameworks */ = {isa = PBXBuildFile; productRef = 277D76742ED9E777008C8404 /* FirebaseCrashlytics */; };
		277D76772ED9E777008C8404 /* FirebaseDatabase in Frameworks */ = {isa = PBXBuildFile; productRef = 277D76762ED9E777008C8404 /* FirebaseDatabase */; };
		277D76792ED9E777008C8404 /* FirebaseFirestore in Frameworks */ = {isa = PBXBuildFile; productRef = 277D76782ED9E777008C8404 /* FirebaseFirestore */; };
		277D767B2ED9E777008C8404 /* FirebaseFirestoreCombine-Community in Frameworks */ = {isa = PBXBuildFile; productRef = 277D767A2ED9E777008C8404 /* FirebaseFirestoreCombine-Community */; };
		277D767D2ED9E777008C8404 /* FirebaseFunctions in Frameworks */ = {isa = PBXBuildFile; productRef = 277D767C2ED9E777008C8404 /* FirebaseFunctions */; };
		277D767F2ED9E777008C8404 /* FirebaseFunctionsCombine-Community in Frameworks */ = {isa = PBXBuildFile; productRef = 277D767E2ED9E777008C8404 /* FirebaseFunctionsCombine-Community */; };
		277D76812ED9E777008C8404 /* FirebaseInAppMessaging-Beta in Frameworks */ = {isa = PBXBuildFile; productRef = 277D76802ED9E777008C8404 /* FirebaseInAppMessaging-Beta */; };
		277D76832ED9E777008C8404 /* FirebaseInstallations in Frameworks */ = {isa = PBXBuildFile; productRef = 277D76822ED9E777008C8404 /* FirebaseInstallations */; };
		277D76852ED9E777008C8404 /* FirebaseMessaging in Frameworks */ = {isa = PBXBuildFile; productRef = 277D76842ED9E777008C8404 /* FirebaseMessaging */; };
		277D76872ED9E777008C8404 /* FirebaseMLModelDownloader in Frameworks */ = {isa = PBXBuildFile; productRef = 277D76862ED9E777008C8404 /* FirebaseMLModelDownloader */; };
		277D76892ED9E777008C8404 /* FirebasePerformance in Frameworks */ = {isa = PBXBuildFile; productRef = 277D76882ED9E777008C8404 /* FirebasePerformance */; };
		277D768B2ED9E777008C8404 /* FirebaseRemoteConfig in Frameworks */ = {isa = PBXBuildFile; productRef = 277D768A2ED9E777008C8404 /* FirebaseRemoteConfig */; };
		277D768D2ED9E777008C8404 /* FirebaseStorage in Frameworks */ = {isa = PBXBuildFile; productRef = 277D768C2ED9E777008C8404 /* FirebaseStorage */; };
		277D768F2ED9E777008C8404 /* FirebaseStorageCombine-Community in Frameworks */ = {isa = PBXBuildFile; productRef = 277D768E2ED9E777008C8404 /* FirebaseStorageCombine-Community */; };
		430725D62EC5C791006234D7 /* Orb in Frameworks */ = {isa = PBXBuildFile; productRef = 430725D52EC5C791006234D7 /* Orb */; };
		DE5E9C862EB354B200485B15 /* AudioKit in Frameworks */ = {isa = PBXBuildFile; productRef = DE5E9C852EB354B200485B15 /* AudioKit */; };
		DE5E9C882EB354B700485B15 /* AudioKitEX in Frameworks */ = {isa = PBXBuildFile; productRef = DE5E9C872EB354B700485B15 /* AudioKitEX */; };
/* End PBXBuildFile section */

/* Begin PBXContainerItemProxy section */
		433435D22EACD4E5004C6B8C /* PBXContainerItemProxy */ = {
			isa = PBXContainerItemProxy;
			containerPortal = 433435BC2EACD4E4004C6B8C /* Project object */;
			proxyType = 1;
			remoteGlobalIDString = 433435C32EACD4E4004C6B8C;
			remoteInfo = tiny;
		};
		433435DC2EACD4E5004C6B8C /* PBXContainerItemProxy */ = {
			isa = PBXContainerItemProxy;
			containerPortal = 433435BC2EACD4E4004C6B8C /* Project object */;
			proxyType = 1;
			remoteGlobalIDString = 433435C32EACD4E4004C6B8C;
			remoteInfo = tiny;
		};
/* End PBXContainerItemProxy section */

/* Begin PBXFileReference section */
		433435C42EACD4E4004C6B8C /* Tiny.app */ = {isa = PBXFileReference; explicitFileType = wrapper.application; includeInIndex = 0; path = Tiny.app; sourceTree = BUILT_PRODUCTS_DIR; };
		433435D12EACD4E5004C6B8C /* TinyTests.xctest */ = {isa = PBXFileReference; explicitFileType = wrapper.cfbundle; includeInIndex = 0; path = TinyTests.xctest; sourceTree = BUILT_PRODUCTS_DIR; };
		433435DB2EACD4E5004C6B8C /* TinyUITests.xctest */ = {isa = PBXFileReference; explicitFileType = wrapper.cfbundle; includeInIndex = 0; path = TinyUITests.xctest; sourceTree = BUILT_PRODUCTS_DIR; };
/* End PBXFileReference section */

/* Begin PBXFileSystemSynchronizedBuildFileExceptionSet section */
		DEFE64CC2ECC4287004B115A /* Exceptions for "Tiny" folder in "Tiny" target */ = {
			isa = PBXFileSystemSynchronizedBuildFileExceptionSet;
			membershipExceptions = (
				Info.plist,
			);
			target = 433435C32EACD4E4004C6B8C /* Tiny */;
		};
/* End PBXFileSystemSynchronizedBuildFileExceptionSet section */

/* Begin PBXFileSystemSynchronizedRootGroup section */
		433435C62EACD4E4004C6B8C /* Tiny */ = {
			isa = PBXFileSystemSynchronizedRootGroup;
			exceptions = (
				DEFE64CC2ECC4287004B115A /* Exceptions for "Tiny" folder in "Tiny" target */,
			);
			path = Tiny;
			sourceTree = "<group>";
		};
		433435D42EACD4E5004C6B8C /* tinyTests */ = {
			isa = PBXFileSystemSynchronizedRootGroup;
			path = tinyTests;
			sourceTree = "<group>";
		};
		433435DE2EACD4E5004C6B8C /* tinyUITests */ = {
			isa = PBXFileSystemSynchronizedRootGroup;
			path = tinyUITests;
			sourceTree = "<group>";
		};
/* End PBXFileSystemSynchronizedRootGroup section */

/* Begin PBXFrameworksBuildPhase section */
		433435C12EACD4E4004C6B8C /* Frameworks */ = {
			isa = PBXFrameworksBuildPhase;
			buildActionMask = 2147483647;
			files = (
				277D76772ED9E777008C8404 /* FirebaseDatabase in Frameworks */,
				274B0DC42ED9B59500825816 /* FirebaseAnalyticsIdentitySupport in Frameworks */,
				430725D62EC5C791006234D7 /* Orb in Frameworks */,
				277D767D2ED9E777008C8404 /* FirebaseFunctions in Frameworks */,
				274B0DBC2ED9B59500825816 /* FirebaseAI in Frameworks */,
				277D76752ED9E777008C8404 /* FirebaseCrashlytics in Frameworks */,
				277D76792ED9E777008C8404 /* FirebaseFirestore in Frameworks */,
				274B0DC02ED9B59500825816 /* FirebaseAnalytics in Frameworks */,
				DE5E9C862EB354B200485B15 /* AudioKit in Frameworks */,
				277D76872ED9E777008C8404 /* FirebaseMLModelDownloader in Frameworks */,
				DE5E9C882EB354B700485B15 /* AudioKitEX in Frameworks */,
				274B0DC22ED9B59500825816 /* FirebaseAnalyticsCore in Frameworks */,
				277D767F2ED9E777008C8404 /* FirebaseFunctionsCombine-Community in Frameworks */,
				277D76712ED9E777008C8404 /* FirebaseAuthCombine-Community in Frameworks */,
				277D76892ED9E777008C8404 /* FirebasePerformance in Frameworks */,
				277D767B2ED9E777008C8404 /* FirebaseFirestoreCombine-Community in Frameworks */,
				277D768F2ED9E777008C8404 /* FirebaseStorageCombine-Community in Frameworks */,
				277D76732ED9E777008C8404 /* FirebaseCore in Frameworks */,
				277D76832ED9E777008C8404 /* FirebaseInstallations in Frameworks */,
				277D766F2ED9E777008C8404 /* FirebaseAuth in Frameworks */,
				277D768B2ED9E777008C8404 /* FirebaseRemoteConfig in Frameworks */,
				277D766D2ED9E777008C8404 /* FirebaseAppDistribution-Beta in Frameworks */,
				277D768D2ED9E777008C8404 /* FirebaseStorage in Frameworks */,
				277D766B2ED9E777008C8404 /* FirebaseAppCheck in Frameworks */,
				274B0DBE2ED9B59500825816 /* FirebaseAILogic in Frameworks */,
				277D76852ED9E777008C8404 /* FirebaseMessaging in Frameworks */,
				277D76812ED9E777008C8404 /* FirebaseInAppMessaging-Beta in Frameworks */,
			);
			runOnlyForDeploymentPostprocessing = 0;
		};
		433435CE2EACD4E5004C6B8C /* Frameworks */ = {
			isa = PBXFrameworksBuildPhase;
			buildActionMask = 2147483647;
			files = (
			);
			runOnlyForDeploymentPostprocessing = 0;
		};
		433435D82EACD4E5004C6B8C /* Frameworks */ = {
			isa = PBXFrameworksBuildPhase;
			buildActionMask = 2147483647;
			files = (
			);
			runOnlyForDeploymentPostprocessing = 0;
		};
/* End PBXFrameworksBuildPhase section */

/* Begin PBXGroup section */
		433435BB2EACD4E4004C6B8C = {
			isa = PBXGroup;
			children = (
				433435C62EACD4E4004C6B8C /* Tiny */,
				433435D42EACD4E5004C6B8C /* tinyTests */,
				433435DE2EACD4E5004C6B8C /* tinyUITests */,
				DE5E9C842EB354B200485B15 /* Frameworks */,
				433435C52EACD4E4004C6B8C /* Products */,
			);
			sourceTree = "<group>";
		};
		433435C52EACD4E4004C6B8C /* Products */ = {
			isa = PBXGroup;
			children = (
				433435C42EACD4E4004C6B8C /* Tiny.app */,
				433435D12EACD4E5004C6B8C /* TinyTests.xctest */,
				433435DB2EACD4E5004C6B8C /* TinyUITests.xctest */,
			);
			name = Products;
			sourceTree = "<group>";
		};
		DE5E9C842EB354B200485B15 /* Frameworks */ = {
			isa = PBXGroup;
			children = (
			);
			name = Frameworks;
			sourceTree = "<group>";
		};
/* End PBXGroup section */

/* Begin PBXNativeTarget section */
		433435C32EACD4E4004C6B8C /* Tiny */ = {
			isa = PBXNativeTarget;
			buildConfigurationList = 433435E52EACD4E5004C6B8C /* Build configuration list for PBXNativeTarget "Tiny" */;
			buildPhases = (
				433435C02EACD4E4004C6B8C /* Sources */,
				433435C12EACD4E4004C6B8C /* Frameworks */,
				433435C22EACD4E4004C6B8C /* Resources */,
				43F58B582EAF9A82001F3EFE /* Run Script */,
			);
			buildRules = (
			);
			dependencies = (
			);
			fileSystemSynchronizedGroups = (
				433435C62EACD4E4004C6B8C /* Tiny */,
			);
			name = Tiny;
			packageProductDependencies = (
				DE5E9C852EB354B200485B15 /* AudioKit */,
				DE5E9C872EB354B700485B15 /* AudioKitEX */,
				430725D52EC5C791006234D7 /* Orb */,
				274B0DBB2ED9B59500825816 /* FirebaseAI */,
				274B0DBD2ED9B59500825816 /* FirebaseAILogic */,
				274B0DBF2ED9B59500825816 /* FirebaseAnalytics */,
				274B0DC12ED9B59500825816 /* FirebaseAnalyticsCore */,
				274B0DC32ED9B59500825816 /* FirebaseAnalyticsIdentitySupport */,
				277D766A2ED9E777008C8404 /* FirebaseAppCheck */,
				277D766C2ED9E777008C8404 /* FirebaseAppDistribution-Beta */,
				277D766E2ED9E777008C8404 /* FirebaseAuth */,
				277D76702ED9E777008C8404 /* FirebaseAuthCombine-Community */,
				277D76722ED9E777008C8404 /* FirebaseCore */,
				277D76742ED9E777008C8404 /* FirebaseCrashlytics */,
				277D76762ED9E777008C8404 /* FirebaseDatabase */,
				277D76782ED9E777008C8404 /* FirebaseFirestore */,
				277D767A2ED9E777008C8404 /* FirebaseFirestoreCombine-Community */,
				277D767C2ED9E777008C8404 /* FirebaseFunctions */,
				277D767E2ED9E777008C8404 /* FirebaseFunctionsCombine-Community */,
				277D76802ED9E777008C8404 /* FirebaseInAppMessaging-Beta */,
				277D76822ED9E777008C8404 /* FirebaseInstallations */,
				277D76842ED9E777008C8404 /* FirebaseMessaging */,
				277D76862ED9E777008C8404 /* FirebaseMLModelDownloader */,
				277D76882ED9E777008C8404 /* FirebasePerformance */,
				277D768A2ED9E777008C8404 /* FirebaseRemoteConfig */,
				277D768C2ED9E777008C8404 /* FirebaseStorage */,
				277D768E2ED9E777008C8404 /* FirebaseStorageCombine-Community */,
			);
			productName = tiny;
			productReference = 433435C42EACD4E4004C6B8C /* Tiny.app */;
			productType = "com.apple.product-type.application";
		};
		433435D02EACD4E5004C6B8C /* TinyTests */ = {
			isa = PBXNativeTarget;
			buildConfigurationList = 433435E82EACD4E5004C6B8C /* Build configuration list for PBXNativeTarget "TinyTests" */;
			buildPhases = (
				433435CD2EACD4E5004C6B8C /* Sources */,
				433435CE2EACD4E5004C6B8C /* Frameworks */,
				433435CF2EACD4E5004C6B8C /* Resources */,
			);
			buildRules = (
			);
			dependencies = (
				433435D32EACD4E5004C6B8C /* PBXTargetDependency */,
			);
			fileSystemSynchronizedGroups = (
				433435D42EACD4E5004C6B8C /* tinyTests */,
			);
			name = TinyTests;
			packageProductDependencies = (
			);
			productName = tinyTests;
			productReference = 433435D12EACD4E5004C6B8C /* TinyTests.xctest */;
			productType = "com.apple.product-type.bundle.unit-test";
		};
		433435DA2EACD4E5004C6B8C /* TinyUITests */ = {
			isa = PBXNativeTarget;
			buildConfigurationList = 433435EB2EACD4E5004C6B8C /* Build configuration list for PBXNativeTarget "TinyUITests" */;
			buildPhases = (
				433435D72EACD4E5004C6B8C /* Sources */,
				433435D82EACD4E5004C6B8C /* Frameworks */,
				433435D92EACD4E5004C6B8C /* Resources */,
			);
			buildRules = (
			);
			dependencies = (
				433435DD2EACD4E5004C6B8C /* PBXTargetDependency */,
			);
			fileSystemSynchronizedGroups = (
				433435DE2EACD4E5004C6B8C /* tinyUITests */,
			);
			name = TinyUITests;
			packageProductDependencies = (
			);
			productName = tinyUITests;
			productReference = 433435DB2EACD4E5004C6B8C /* TinyUITests.xctest */;
			productType = "com.apple.product-type.bundle.ui-testing";
		};
/* End PBXNativeTarget section */

/* Begin PBXProject section */
		433435BC2EACD4E4004C6B8C /* Project object */ = {
			isa = PBXProject;
			attributes = {
				BuildIndependentTargetsInParallel = 1;
				LastSwiftUpdateCheck = 2600;
				LastUpgradeCheck = 2600;
				TargetAttributes = {
					433435C32EACD4E4004C6B8C = {
						CreatedOnToolsVersion = 26.0;
					};
					433435D02EACD4E5004C6B8C = {
						CreatedOnToolsVersion = 26.0;
						TestTargetID = 433435C32EACD4E4004C6B8C;
					};
					433435DA2EACD4E5004C6B8C = {
						CreatedOnToolsVersion = 26.0;
						TestTargetID = 433435C32EACD4E4004C6B8C;
					};
				};
			};
			buildConfigurationList = 433435BF2EACD4E4004C6B8C /* Build configuration list for PBXProject "Tiny" */;
			developmentRegion = en;
			hasScannedForEncodings = 0;
			knownRegions = (
				en,
				Base,
				id,
			);
			mainGroup = 433435BB2EACD4E4004C6B8C;
			minimizedProjectReferenceProxies = 1;
			packageReferences = (
				DEF686412EB33FA9004CC0C3 /* XCRemoteSwiftPackageReference "AudioKit" */,
				DEF686422EB33FB2004CC0C3 /* XCRemoteSwiftPackageReference "AudioKitEX" */,
				430725D42EC5C69D006234D7 /* XCRemoteSwiftPackageReference "Orb" */,
				274B0DBA2ED9B59500825816 /* XCRemoteSwiftPackageReference "firebase-ios-sdk" */,
			);
			preferredProjectObjectVersion = 77;
			productRefGroup = 433435C52EACD4E4004C6B8C /* Products */;
			projectDirPath = "";
			projectRoot = "";
			targets = (
				433435C32EACD4E4004C6B8C /* Tiny */,
				433435D02EACD4E5004C6B8C /* TinyTests */,
				433435DA2EACD4E5004C6B8C /* TinyUITests */,
			);
		};
/* End PBXProject section */

/* Begin PBXResourcesBuildPhase section */
		433435C22EACD4E4004C6B8C /* Resources */ = {
			isa = PBXResourcesBuildPhase;
			buildActionMask = 2147483647;
			files = (
			);
			runOnlyForDeploymentPostprocessing = 0;
		};
		433435CF2EACD4E5004C6B8C /* Resources */ = {
			isa = PBXResourcesBuildPhase;
			buildActionMask = 2147483647;
			files = (
			);
			runOnlyForDeploymentPostprocessing = 0;
		};
		433435D92EACD4E5004C6B8C /* Resources */ = {
			isa = PBXResourcesBuildPhase;
			buildActionMask = 2147483647;
			files = (
			);
			runOnlyForDeploymentPostprocessing = 0;
		};
/* End PBXResourcesBuildPhase section */

/* Begin PBXShellScriptBuildPhase section */
		43F58B582EAF9A82001F3EFE /* Run Script */ = {
			isa = PBXShellScriptBuildPhase;
			alwaysOutOfDate = 1;
			buildActionMask = 2147483647;
			files = (
			);
			inputFileListPaths = (
			);
			inputPaths = (
			);
			name = "Run Script";
			outputFileListPaths = (
			);
			outputPaths = (
			);
			runOnlyForDeploymentPostprocessing = 0;
			shellPath = /bin/sh;
			shellScript = "if [[ \"$(uname -m)\" == arm64 ]]\nthen\n    export PATH=\"/opt/homebrew/bin:$PATH\"\nelse\n    export PATH=\"/usr/local/bin:$PATH\"\nfi\n\nif command -v swiftlint >/dev/null 2>&1\nthen\n    swiftlint\nelse\n    echo \"warning: `swiftlint` command not found - See https://github.com/realm/SwiftLint#installation for installation instructions.\"\nfi\n";
		};
/* End PBXShellScriptBuildPhase section */

/* Begin PBXSourcesBuildPhase section */
		433435C02EACD4E4004C6B8C /* Sources */ = {
			isa = PBXSourcesBuildPhase;
			buildActionMask = 2147483647;
			files = (
			);
			runOnlyForDeploymentPostprocessing = 0;
		};
		433435CD2EACD4E5004C6B8C /* Sources */ = {
			isa = PBXSourcesBuildPhase;
			buildActionMask = 2147483647;
			files = (
			);
			runOnlyForDeploymentPostprocessing = 0;
		};
		433435D72EACD4E5004C6B8C /* Sources */ = {
			isa = PBXSourcesBuildPhase;
			buildActionMask = 2147483647;
			files = (
			);
			runOnlyForDeploymentPostprocessing = 0;
		};
/* End PBXSourcesBuildPhase section */

/* Begin PBXTargetDependency section */
		433435D32EACD4E5004C6B8C /* PBXTargetDependency */ = {
			isa = PBXTargetDependency;
			target = 433435C32EACD4E4004C6B8C /* Tiny */;
			targetProxy = 433435D22EACD4E5004C6B8C /* PBXContainerItemProxy */;
		};
		433435DD2EACD4E5004C6B8C /* PBXTargetDependency */ = {
			isa = PBXTargetDependency;
			target = 433435C32EACD4E4004C6B8C /* Tiny */;
			targetProxy = 433435DC2EACD4E5004C6B8C /* PBXContainerItemProxy */;
		};
/* End PBXTargetDependency section */

/* Begin XCBuildConfiguration section */
		433435E32EACD4E5004C6B8C /* Debug */ = {
			isa = XCBuildConfiguration;
			buildSettings = {
				ALWAYS_SEARCH_USER_PATHS = NO;
				ASSETCATALOG_COMPILER_GENERATE_SWIFT_ASSET_SYMBOL_EXTENSIONS = YES;
				CLANG_ANALYZER_NONNULL = YES;
				CLANG_ANALYZER_NUMBER_OBJECT_CONVERSION = YES_AGGRESSIVE;
				CLANG_CXX_LANGUAGE_STANDARD = "gnu++20";
				CLANG_ENABLE_MODULES = YES;
				CLANG_ENABLE_OBJC_ARC = YES;
				CLANG_ENABLE_OBJC_WEAK = YES;
				CLANG_WARN_BLOCK_CAPTURE_AUTORELEASING = YES;
				CLANG_WARN_BOOL_CONVERSION = YES;
				CLANG_WARN_COMMA = YES;
				CLANG_WARN_CONSTANT_CONVERSION = YES;
				CLANG_WARN_DEPRECATED_OBJC_IMPLEMENTATIONS = YES;
				CLANG_WARN_DIRECT_OBJC_ISA_USAGE = YES_ERROR;
				CLANG_WARN_DOCUMENTATION_COMMENTS = YES;
				CLANG_WARN_EMPTY_BODY = YES;
				CLANG_WARN_ENUM_CONVERSION = YES;
				CLANG_WARN_INFINITE_RECURSION = YES;
				CLANG_WARN_INT_CONVERSION = YES;
				CLANG_WARN_NON_LITERAL_NULL_CONVERSION = YES;
				CLANG_WARN_OBJC_IMPLICIT_RETAIN_SELF = YES;
				CLANG_WARN_OBJC_LITERAL_CONVERSION = YES;
				CLANG_WARN_OBJC_ROOT_CLASS = YES_ERROR;
				CLANG_WARN_QUOTED_INCLUDE_IN_FRAMEWORK_HEADER = YES;
				CLANG_WARN_RANGE_LOOP_ANALYSIS = YES;
				CLANG_WARN_STRICT_PROTOTYPES = YES;
				CLANG_WARN_SUSPICIOUS_MOVE = YES;
				CLANG_WARN_UNGUARDED_AVAILABILITY = YES_AGGRESSIVE;
				CLANG_WARN_UNREACHABLE_CODE = YES;
				CLANG_WARN__DUPLICATE_METHOD_MATCH = YES;
				COPY_PHASE_STRIP = NO;
				DEBUG_INFORMATION_FORMAT = dwarf;
				DEVELOPMENT_TEAM = 6PN64DQKLX;
				ENABLE_STRICT_OBJC_MSGSEND = YES;
				ENABLE_TESTABILITY = YES;
				ENABLE_USER_SCRIPT_SANDBOXING = NO;
				GCC_C_LANGUAGE_STANDARD = gnu17;
				GCC_DYNAMIC_NO_PIC = NO;
				GCC_NO_COMMON_BLOCKS = YES;
				GCC_OPTIMIZATION_LEVEL = 0;
				GCC_PREPROCESSOR_DEFINITIONS = (
					"DEBUG=1",
					"$(inherited)",
				);
				GCC_WARN_64_TO_32_BIT_CONVERSION = YES;
				GCC_WARN_ABOUT_RETURN_TYPE = YES_ERROR;
				GCC_WARN_UNDECLARED_SELECTOR = YES;
				GCC_WARN_UNINITIALIZED_AUTOS = YES_AGGRESSIVE;
				GCC_WARN_UNUSED_FUNCTION = YES;
				GCC_WARN_UNUSED_VARIABLE = YES;
				IPHONEOS_DEPLOYMENT_TARGET = 26.0;
				LOCALIZATION_PREFERS_STRING_CATALOGS = YES;
				MTL_ENABLE_DEBUG_INFO = INCLUDE_SOURCE;
				MTL_FAST_MATH = YES;
				ONLY_ACTIVE_ARCH = YES;
				SDKROOT = iphoneos;
				SWIFT_ACTIVE_COMPILATION_CONDITIONS = "DEBUG $(inherited)";
				SWIFT_EMIT_LOC_STRINGS = YES;
				SWIFT_OPTIMIZATION_LEVEL = "-Onone";
			};
			name = Debug;
		};
		433435E42EACD4E5004C6B8C /* Release */ = {
			isa = XCBuildConfiguration;
			buildSettings = {
				ALWAYS_SEARCH_USER_PATHS = NO;
				ASSETCATALOG_COMPILER_GENERATE_SWIFT_ASSET_SYMBOL_EXTENSIONS = YES;
				CLANG_ANALYZER_NONNULL = YES;
				CLANG_ANALYZER_NUMBER_OBJECT_CONVERSION = YES_AGGRESSIVE;
				CLANG_CXX_LANGUAGE_STANDARD = "gnu++20";
				CLANG_ENABLE_MODULES = YES;
				CLANG_ENABLE_OBJC_ARC = YES;
				CLANG_ENABLE_OBJC_WEAK = YES;
				CLANG_WARN_BLOCK_CAPTURE_AUTORELEASING = YES;
				CLANG_WARN_BOOL_CONVERSION = YES;
				CLANG_WARN_COMMA = YES;
				CLANG_WARN_CONSTANT_CONVERSION = YES;
				CLANG_WARN_DEPRECATED_OBJC_IMPLEMENTATIONS = YES;
				CLANG_WARN_DIRECT_OBJC_ISA_USAGE = YES_ERROR;
				CLANG_WARN_DOCUMENTATION_COMMENTS = YES;
				CLANG_WARN_EMPTY_BODY = YES;
				CLANG_WARN_ENUM_CONVERSION = YES;
				CLANG_WARN_INFINITE_RECURSION = YES;
				CLANG_WARN_INT_CONVERSION = YES;
				CLANG_WARN_NON_LITERAL_NULL_CONVERSION = YES;
				CLANG_WARN_OBJC_IMPLICIT_RETAIN_SELF = YES;
				CLANG_WARN_OBJC_LITERAL_CONVERSION = YES;
				CLANG_WARN_OBJC_ROOT_CLASS = YES_ERROR;
				CLANG_WARN_QUOTED_INCLUDE_IN_FRAMEWORK_HEADER = YES;
				CLANG_WARN_RANGE_LOOP_ANALYSIS = YES;
				CLANG_WARN_STRICT_PROTOTYPES = YES;
				CLANG_WARN_SUSPICIOUS_MOVE = YES;
				CLANG_WARN_UNGUARDED_AVAILABILITY = YES_AGGRESSIVE;
				CLANG_WARN_UNREACHABLE_CODE = YES;
				CLANG_WARN__DUPLICATE_METHOD_MATCH = YES;
				COPY_PHASE_STRIP = NO;
				DEBUG_INFORMATION_FORMAT = "dwarf-with-dsym";
				DEVELOPMENT_TEAM = 6PN64DQKLX;
				ENABLE_NS_ASSERTIONS = NO;
				ENABLE_STRICT_OBJC_MSGSEND = YES;
				ENABLE_USER_SCRIPT_SANDBOXING = NO;
				GCC_C_LANGUAGE_STANDARD = gnu17;
				GCC_NO_COMMON_BLOCKS = YES;
				GCC_WARN_64_TO_32_BIT_CONVERSION = YES;
				GCC_WARN_ABOUT_RETURN_TYPE = YES_ERROR;
				GCC_WARN_UNDECLARED_SELECTOR = YES;
				GCC_WARN_UNINITIALIZED_AUTOS = YES_AGGRESSIVE;
				GCC_WARN_UNUSED_FUNCTION = YES;
				GCC_WARN_UNUSED_VARIABLE = YES;
				IPHONEOS_DEPLOYMENT_TARGET = 26.0;
				LOCALIZATION_PREFERS_STRING_CATALOGS = YES;
				MTL_ENABLE_DEBUG_INFO = NO;
				MTL_FAST_MATH = YES;
				SDKROOT = iphoneos;
				SWIFT_COMPILATION_MODE = wholemodule;
				SWIFT_EMIT_LOC_STRINGS = YES;
				VALIDATE_PRODUCT = YES;
			};
			name = Release;
		};
		433435E62EACD4E5004C6B8C /* Debug */ = {
			isa = XCBuildConfiguration;
			buildSettings = {
				ASSETCATALOG_COMPILER_APPICON_NAME = AppIcon;
				ASSETCATALOG_COMPILER_GLOBAL_ACCENT_COLOR_NAME = AccentColor;
				CODE_SIGN_ENTITLEMENTS = Tiny/Tiny.entitlements;
				CODE_SIGN_IDENTITY = "Apple Development";
				"CODE_SIGN_IDENTITY[sdk=iphoneos*]" = "iPhone Developer";
				CODE_SIGN_STYLE = Manual;
				CURRENT_PROJECT_VERSION = 1;
				DEVELOPMENT_TEAM = "";
				"DEVELOPMENT_TEAM[sdk=iphoneos*]" = YPC2WUCUT5;
				ENABLE_PREVIEWS = YES;
				GENERATE_INFOPLIST_FILE = YES;
				INFOPLIST_FILE = Tiny/Info.plist;
				INFOPLIST_KEY_CFBundleDisplayName = Tiny;
				INFOPLIST_KEY_ITSAppUsesNonExemptEncryption = NO;
				INFOPLIST_KEY_LSApplicationCategoryType = "public.app-category.lifestyle";
				INFOPLIST_KEY_NSCameraUsageDescription = "Allow Tiny to use camera for taking profile picture";
				INFOPLIST_KEY_NSMicrophoneUsageDescription = "Tiny needs to use the microphone to capture heartbeat sounds.";
				INFOPLIST_KEY_NSPhotoLibraryUsageDescription = "Allow Tiny to access photos library";
				INFOPLIST_KEY_UIApplicationSceneManifest_Generation = YES;
				INFOPLIST_KEY_UIApplicationSupportsIndirectInputEvents = YES;
				INFOPLIST_KEY_UILaunchScreen_Generation = YES;
				INFOPLIST_KEY_UISupportedInterfaceOrientations = UIInterfaceOrientationPortrait;
				INFOPLIST_KEY_UISupportedInterfaceOrientations_iPad = "UIInterfaceOrientationLandscapeLeft UIInterfaceOrientationLandscapeRight UIInterfaceOrientationPortrait UIInterfaceOrientationPortraitUpsideDown";
				IPHONEOS_DEPLOYMENT_TARGET = 26.0;
				LD_RUNPATH_SEARCH_PATHS = (
					"$(inherited)",
					"@executable_path/Frameworks",
				);
				MARKETING_VERSION = 1.0;
				PRODUCT_BUNDLE_IDENTIFIER = com.miracle.tiny;
				PRODUCT_NAME = "$(TARGET_NAME)";
				PROVISIONING_PROFILE_SPECIFIER = "";
				"PROVISIONING_PROFILE_SPECIFIER[sdk=iphoneos*]" = TinyProvisionProfile;
				STRING_CATALOG_GENERATE_SYMBOLS = YES;
				SUPPORTED_PLATFORMS = "iphoneos iphonesimulator";
				SUPPORTS_MACCATALYST = NO;
				SUPPORTS_MAC_DESIGNED_FOR_IPHONE_IPAD = NO;
				SUPPORTS_XR_DESIGNED_FOR_IPHONE_IPAD = NO;
				SWIFT_APPROACHABLE_CONCURRENCY = YES;
				SWIFT_DEFAULT_ACTOR_ISOLATION = MainActor;
				SWIFT_EMIT_LOC_STRINGS = YES;
				SWIFT_UPCOMING_FEATURE_MEMBER_IMPORT_VISIBILITY = YES;
				SWIFT_VERSION = 5.0;
				TARGETED_DEVICE_FAMILY = 1;
			};
			name = Debug;
		};
		433435E72EACD4E5004C6B8C /* Release */ = {
			isa = XCBuildConfiguration;
			buildSettings = {
				ASSETCATALOG_COMPILER_APPICON_NAME = AppIcon;
				ASSETCATALOG_COMPILER_GLOBAL_ACCENT_COLOR_NAME = AccentColor;
				CODE_SIGN_ENTITLEMENTS = Tiny/Tiny.entitlements;
				CODE_SIGN_IDENTITY = "Apple Development";
				"CODE_SIGN_IDENTITY[sdk=iphoneos*]" = "iPhone Developer";
				CODE_SIGN_STYLE = Manual;
				CURRENT_PROJECT_VERSION = 1;
				DEVELOPMENT_TEAM = "";
				"DEVELOPMENT_TEAM[sdk=iphoneos*]" = YPC2WUCUT5;
				ENABLE_PREVIEWS = YES;
				GENERATE_INFOPLIST_FILE = YES;
				INFOPLIST_FILE = Tiny/Info.plist;
				INFOPLIST_KEY_CFBundleDisplayName = Tiny;
				INFOPLIST_KEY_ITSAppUsesNonExemptEncryption = NO;
				INFOPLIST_KEY_LSApplicationCategoryType = "public.app-category.lifestyle";
				INFOPLIST_KEY_NSCameraUsageDescription = "Allow Tiny to use camera for taking profile picture";
				INFOPLIST_KEY_NSMicrophoneUsageDescription = "Tiny needs to use the microphone to capture heartbeat sounds.";
				INFOPLIST_KEY_NSPhotoLibraryUsageDescription = "Allow Tiny to access photos library";
				INFOPLIST_KEY_UIApplicationSceneManifest_Generation = YES;
				INFOPLIST_KEY_UIApplicationSupportsIndirectInputEvents = YES;
				INFOPLIST_KEY_UILaunchScreen_Generation = YES;
				INFOPLIST_KEY_UISupportedInterfaceOrientations = UIInterfaceOrientationPortrait;
				INFOPLIST_KEY_UISupportedInterfaceOrientations_iPad = "UIInterfaceOrientationLandscapeLeft UIInterfaceOrientationLandscapeRight UIInterfaceOrientationPortrait UIInterfaceOrientationPortraitUpsideDown";
				IPHONEOS_DEPLOYMENT_TARGET = 26.0;
				LD_RUNPATH_SEARCH_PATHS = (
					"$(inherited)",
					"@executable_path/Frameworks",
				);
				MARKETING_VERSION = 1.0;
				PRODUCT_BUNDLE_IDENTIFIER = com.miracle.tiny;
				PRODUCT_NAME = "$(TARGET_NAME)";
				PROVISIONING_PROFILE_SPECIFIER = "";
				"PROVISIONING_PROFILE_SPECIFIER[sdk=iphoneos*]" = TinyProvisionProfile;
				STRING_CATALOG_GENERATE_SYMBOLS = YES;
				SUPPORTED_PLATFORMS = "iphoneos iphonesimulator";
				SUPPORTS_MACCATALYST = NO;
				SUPPORTS_MAC_DESIGNED_FOR_IPHONE_IPAD = NO;
				SUPPORTS_XR_DESIGNED_FOR_IPHONE_IPAD = NO;
				SWIFT_APPROACHABLE_CONCURRENCY = YES;
				SWIFT_DEFAULT_ACTOR_ISOLATION = MainActor;
				SWIFT_EMIT_LOC_STRINGS = YES;
				SWIFT_UPCOMING_FEATURE_MEMBER_IMPORT_VISIBILITY = YES;
				SWIFT_VERSION = 5.0;
				TARGETED_DEVICE_FAMILY = 1;
			};
			name = Release;
		};
		433435E92EACD4E5004C6B8C /* Debug */ = {
			isa = XCBuildConfiguration;
			buildSettings = {
				BUNDLE_LOADER = "$(TEST_HOST)";
				CODE_SIGN_STYLE = Automatic;
				CURRENT_PROJECT_VERSION = 1;
				DEVELOPMENT_TEAM = LM2TBH9R6C;
				GENERATE_INFOPLIST_FILE = YES;
				IPHONEOS_DEPLOYMENT_TARGET = 26.0;
				MARKETING_VERSION = 1.0;
				PRODUCT_BUNDLE_IDENTIFIER = com.miracle.tinyTests;
				PRODUCT_NAME = "$(TARGET_NAME)";
				STRING_CATALOG_GENERATE_SYMBOLS = NO;
				SWIFT_APPROACHABLE_CONCURRENCY = YES;
				SWIFT_EMIT_LOC_STRINGS = NO;
				SWIFT_UPCOMING_FEATURE_MEMBER_IMPORT_VISIBILITY = YES;
				SWIFT_VERSION = 5.0;
				TARGETED_DEVICE_FAMILY = "1,2";
				TEST_HOST = "$(BUILT_PRODUCTS_DIR)/Tiny.app/$(BUNDLE_EXECUTABLE_FOLDER_PATH)/Tiny";
			};
			name = Debug;
		};
		433435EA2EACD4E5004C6B8C /* Release */ = {
			isa = XCBuildConfiguration;
			buildSettings = {
				BUNDLE_LOADER = "$(TEST_HOST)";
				CODE_SIGN_STYLE = Automatic;
				CURRENT_PROJECT_VERSION = 1;
				DEVELOPMENT_TEAM = LM2TBH9R6C;
				GENERATE_INFOPLIST_FILE = YES;
				IPHONEOS_DEPLOYMENT_TARGET = 26.0;
				MARKETING_VERSION = 1.0;
				PRODUCT_BUNDLE_IDENTIFIER = com.miracle.tinyTests;
				PRODUCT_NAME = "$(TARGET_NAME)";
				STRING_CATALOG_GENERATE_SYMBOLS = NO;
				SWIFT_APPROACHABLE_CONCURRENCY = YES;
				SWIFT_EMIT_LOC_STRINGS = NO;
				SWIFT_UPCOMING_FEATURE_MEMBER_IMPORT_VISIBILITY = YES;
				SWIFT_VERSION = 5.0;
				TARGETED_DEVICE_FAMILY = "1,2";
				TEST_HOST = "$(BUILT_PRODUCTS_DIR)/Tiny.app/$(BUNDLE_EXECUTABLE_FOLDER_PATH)/Tiny";
			};
			name = Release;
		};
		433435EC2EACD4E5004C6B8C /* Debug */ = {
			isa = XCBuildConfiguration;
			buildSettings = {
				CODE_SIGN_STYLE = Automatic;
				CURRENT_PROJECT_VERSION = 1;
				DEVELOPMENT_TEAM = LM2TBH9R6C;
				GENERATE_INFOPLIST_FILE = YES;
				MARKETING_VERSION = 1.0;
				PRODUCT_BUNDLE_IDENTIFIER = com.miracle.tinyUITests;
				PRODUCT_NAME = "$(TARGET_NAME)";
				STRING_CATALOG_GENERATE_SYMBOLS = NO;
				SWIFT_APPROACHABLE_CONCURRENCY = YES;
				SWIFT_EMIT_LOC_STRINGS = NO;
				SWIFT_UPCOMING_FEATURE_MEMBER_IMPORT_VISIBILITY = YES;
				SWIFT_VERSION = 5.0;
				TARGETED_DEVICE_FAMILY = "1,2";
				TEST_TARGET_NAME = tiny;
			};
			name = Debug;
		};
		433435ED2EACD4E5004C6B8C /* Release */ = {
			isa = XCBuildConfiguration;
			buildSettings = {
				CODE_SIGN_STYLE = Automatic;
				CURRENT_PROJECT_VERSION = 1;
				DEVELOPMENT_TEAM = LM2TBH9R6C;
				GENERATE_INFOPLIST_FILE = YES;
				MARKETING_VERSION = 1.0;
				PRODUCT_BUNDLE_IDENTIFIER = com.miracle.tinyUITests;
				PRODUCT_NAME = "$(TARGET_NAME)";
				STRING_CATALOG_GENERATE_SYMBOLS = NO;
				SWIFT_APPROACHABLE_CONCURRENCY = YES;
				SWIFT_EMIT_LOC_STRINGS = NO;
				SWIFT_UPCOMING_FEATURE_MEMBER_IMPORT_VISIBILITY = YES;
				SWIFT_VERSION = 5.0;
				TARGETED_DEVICE_FAMILY = "1,2";
				TEST_TARGET_NAME = tiny;
			};
			name = Release;
		};
/* End XCBuildConfiguration section */

/* Begin XCConfigurationList section */
		433435BF2EACD4E4004C6B8C /* Build configuration list for PBXProject "Tiny" */ = {
			isa = XCConfigurationList;
			buildConfigurations = (
				433435E32EACD4E5004C6B8C /* Debug */,
				433435E42EACD4E5004C6B8C /* Release */,
			);
			defaultConfigurationIsVisible = 0;
			defaultConfigurationName = Release;
		};
		433435E52EACD4E5004C6B8C /* Build configuration list for PBXNativeTarget "Tiny" */ = {
			isa = XCConfigurationList;
			buildConfigurations = (
				433435E62EACD4E5004C6B8C /* Debug */,
				433435E72EACD4E5004C6B8C /* Release */,
			);
			defaultConfigurationIsVisible = 0;
			defaultConfigurationName = Release;
		};
		433435E82EACD4E5004C6B8C /* Build configuration list for PBXNativeTarget "TinyTests" */ = {
			isa = XCConfigurationList;
			buildConfigurations = (
				433435E92EACD4E5004C6B8C /* Debug */,
				433435EA2EACD4E5004C6B8C /* Release */,
			);
			defaultConfigurationIsVisible = 0;
			defaultConfigurationName = Release;
		};
		433435EB2EACD4E5004C6B8C /* Build configuration list for PBXNativeTarget "TinyUITests" */ = {
			isa = XCConfigurationList;
			buildConfigurations = (
				433435EC2EACD4E5004C6B8C /* Debug */,
				433435ED2EACD4E5004C6B8C /* Release */,
			);
			defaultConfigurationIsVisible = 0;
			defaultConfigurationName = Release;
		};
/* End XCConfigurationList section */

/* Begin XCRemoteSwiftPackageReference section */
		274B0DBA2ED9B59500825816 /* XCRemoteSwiftPackageReference "firebase-ios-sdk" */ = {
			isa = XCRemoteSwiftPackageReference;
			repositoryURL = "https://github.com/firebase/firebase-ios-sdk";
			requirement = {
				kind = upToNextMajorVersion;
				minimumVersion = 12.6.0;
			};
		};
		430725D42EC5C69D006234D7 /* XCRemoteSwiftPackageReference "Orb" */ = {
			isa = XCRemoteSwiftPackageReference;
			repositoryURL = "https://github.com/metasidd/Orb";
			requirement = {
				kind = upToNextMajorVersion;
				minimumVersion = 0.2.0;
			};
		};
		DEF686412EB33FA9004CC0C3 /* XCRemoteSwiftPackageReference "AudioKit" */ = {
			isa = XCRemoteSwiftPackageReference;
			repositoryURL = "https://github.com/AudioKit/AudioKit.git";
			requirement = {
				kind = upToNextMajorVersion;
				minimumVersion = 5.6.5;
			};
		};
		DEF686422EB33FB2004CC0C3 /* XCRemoteSwiftPackageReference "AudioKitEX" */ = {
			isa = XCRemoteSwiftPackageReference;
			repositoryURL = "https://github.com/AudioKit/AudioKitEX.git";
			requirement = {
				kind = upToNextMajorVersion;
				minimumVersion = 5.6.2;
			};
		};
/* End XCRemoteSwiftPackageReference section */

/* Begin XCSwiftPackageProductDependency section */
		274B0DBB2ED9B59500825816 /* FirebaseAI */ = {
			isa = XCSwiftPackageProductDependency;
			package = 274B0DBA2ED9B59500825816 /* XCRemoteSwiftPackageReference "firebase-ios-sdk" */;
			productName = FirebaseAI;
		};
		274B0DBD2ED9B59500825816 /* FirebaseAILogic */ = {
			isa = XCSwiftPackageProductDependency;
			package = 274B0DBA2ED9B59500825816 /* XCRemoteSwiftPackageReference "firebase-ios-sdk" */;
			productName = FirebaseAILogic;
		};
		274B0DBF2ED9B59500825816 /* FirebaseAnalytics */ = {
			isa = XCSwiftPackageProductDependency;
			package = 274B0DBA2ED9B59500825816 /* XCRemoteSwiftPackageReference "firebase-ios-sdk" */;
			productName = FirebaseAnalytics;
		};
		274B0DC12ED9B59500825816 /* FirebaseAnalyticsCore */ = {
			isa = XCSwiftPackageProductDependency;
			package = 274B0DBA2ED9B59500825816 /* XCRemoteSwiftPackageReference "firebase-ios-sdk" */;
			productName = FirebaseAnalyticsCore;
		};
		274B0DC32ED9B59500825816 /* FirebaseAnalyticsIdentitySupport */ = {
			isa = XCSwiftPackageProductDependency;
			package = 274B0DBA2ED9B59500825816 /* XCRemoteSwiftPackageReference "firebase-ios-sdk" */;
			productName = FirebaseAnalyticsIdentitySupport;
		};
		277D766A2ED9E777008C8404 /* FirebaseAppCheck */ = {
			isa = XCSwiftPackageProductDependency;
			package = 274B0DBA2ED9B59500825816 /* XCRemoteSwiftPackageReference "firebase-ios-sdk" */;
			productName = FirebaseAppCheck;
		};
		277D766C2ED9E777008C8404 /* FirebaseAppDistribution-Beta */ = {
			isa = XCSwiftPackageProductDependency;
			package = 274B0DBA2ED9B59500825816 /* XCRemoteSwiftPackageReference "firebase-ios-sdk" */;
			productName = "FirebaseAppDistribution-Beta";
		};
		277D766E2ED9E777008C8404 /* FirebaseAuth */ = {
			isa = XCSwiftPackageProductDependency;
			package = 274B0DBA2ED9B59500825816 /* XCRemoteSwiftPackageReference "firebase-ios-sdk" */;
			productName = FirebaseAuth;
		};
		277D76702ED9E777008C8404 /* FirebaseAuthCombine-Community */ = {
			isa = XCSwiftPackageProductDependency;
			package = 274B0DBA2ED9B59500825816 /* XCRemoteSwiftPackageReference "firebase-ios-sdk" */;
			productName = "FirebaseAuthCombine-Community";
		};
		277D76722ED9E777008C8404 /* FirebaseCore */ = {
			isa = XCSwiftPackageProductDependency;
			package = 274B0DBA2ED9B59500825816 /* XCRemoteSwiftPackageReference "firebase-ios-sdk" */;
			productName = FirebaseCore;
		};
		277D76742ED9E777008C8404 /* FirebaseCrashlytics */ = {
			isa = XCSwiftPackageProductDependency;
			package = 274B0DBA2ED9B59500825816 /* XCRemoteSwiftPackageReference "firebase-ios-sdk" */;
			productName = FirebaseCrashlytics;
		};
		277D76762ED9E777008C8404 /* FirebaseDatabase */ = {
			isa = XCSwiftPackageProductDependency;
			package = 274B0DBA2ED9B59500825816 /* XCRemoteSwiftPackageReference "firebase-ios-sdk" */;
			productName = FirebaseDatabase;
		};
		277D76782ED9E777008C8404 /* FirebaseFirestore */ = {
			isa = XCSwiftPackageProductDependency;
			package = 274B0DBA2ED9B59500825816 /* XCRemoteSwiftPackageReference "firebase-ios-sdk" */;
			productName = FirebaseFirestore;
		};
		277D767A2ED9E777008C8404 /* FirebaseFirestoreCombine-Community */ = {
			isa = XCSwiftPackageProductDependency;
			package = 274B0DBA2ED9B59500825816 /* XCRemoteSwiftPackageReference "firebase-ios-sdk" */;
			productName = "FirebaseFirestoreCombine-Community";
		};
		277D767C2ED9E777008C8404 /* FirebaseFunctions */ = {
			isa = XCSwiftPackageProductDependency;
			package = 274B0DBA2ED9B59500825816 /* XCRemoteSwiftPackageReference "firebase-ios-sdk" */;
			productName = FirebaseFunctions;
		};
		277D767E2ED9E777008C8404 /* FirebaseFunctionsCombine-Community */ = {
			isa = XCSwiftPackageProductDependency;
			package = 274B0DBA2ED9B59500825816 /* XCRemoteSwiftPackageReference "firebase-ios-sdk" */;
			productName = "FirebaseFunctionsCombine-Community";
		};
		277D76802ED9E777008C8404 /* FirebaseInAppMessaging-Beta */ = {
			isa = XCSwiftPackageProductDependency;
			package = 274B0DBA2ED9B59500825816 /* XCRemoteSwiftPackageReference "firebase-ios-sdk" */;
			productName = "FirebaseInAppMessaging-Beta";
		};
		277D76822ED9E777008C8404 /* FirebaseInstallations */ = {
			isa = XCSwiftPackageProductDependency;
			package = 274B0DBA2ED9B59500825816 /* XCRemoteSwiftPackageReference "firebase-ios-sdk" */;
			productName = FirebaseInstallations;
		};
		277D76842ED9E777008C8404 /* FirebaseMessaging */ = {
			isa = XCSwiftPackageProductDependency;
			package = 274B0DBA2ED9B59500825816 /* XCRemoteSwiftPackageReference "firebase-ios-sdk" */;
			productName = FirebaseMessaging;
		};
		277D76862ED9E777008C8404 /* FirebaseMLModelDownloader */ = {
			isa = XCSwiftPackageProductDependency;
			package = 274B0DBA2ED9B59500825816 /* XCRemoteSwiftPackageReference "firebase-ios-sdk" */;
			productName = FirebaseMLModelDownloader;
		};
		277D76882ED9E777008C8404 /* FirebasePerformance */ = {
			isa = XCSwiftPackageProductDependency;
			package = 274B0DBA2ED9B59500825816 /* XCRemoteSwiftPackageReference "firebase-ios-sdk" */;
			productName = FirebasePerformance;
		};
		277D768A2ED9E777008C8404 /* FirebaseRemoteConfig */ = {
			isa = XCSwiftPackageProductDependency;
			package = 274B0DBA2ED9B59500825816 /* XCRemoteSwiftPackageReference "firebase-ios-sdk" */;
			productName = FirebaseRemoteConfig;
		};
		277D768C2ED9E777008C8404 /* FirebaseStorage */ = {
			isa = XCSwiftPackageProductDependency;
			package = 274B0DBA2ED9B59500825816 /* XCRemoteSwiftPackageReference "firebase-ios-sdk" */;
			productName = FirebaseStorage;
		};
		277D768E2ED9E777008C8404 /* FirebaseStorageCombine-Community */ = {
			isa = XCSwiftPackageProductDependency;
			package = 274B0DBA2ED9B59500825816 /* XCRemoteSwiftPackageReference "firebase-ios-sdk" */;
			productName = "FirebaseStorageCombine-Community";
		};
		430725D52EC5C791006234D7 /* Orb */ = {
			isa = XCSwiftPackageProductDependency;
			package = 430725D42EC5C69D006234D7 /* XCRemoteSwiftPackageReference "Orb" */;
			productName = Orb;
		};
		DE5E9C852EB354B200485B15 /* AudioKit */ = {
			isa = XCSwiftPackageProductDependency;
			package = DEF686412EB33FA9004CC0C3 /* XCRemoteSwiftPackageReference "AudioKit" */;
			productName = AudioKit;
		};
		DE5E9C872EB354B700485B15 /* AudioKitEX */ = {
			isa = XCSwiftPackageProductDependency;
			package = DEF686422EB33FB2004CC0C3 /* XCRemoteSwiftPackageReference "AudioKitEX" */;
			productName = AudioKitEX;
		};
/* End XCSwiftPackageProductDependency section */
	};
	rootObject = 433435BC2EACD4E4004C6B8C /* Project object */;
}
