{
  "originHash" : "2ef496e610d0a5493faadac1f34a4061db69c0c83034b5b1cfa3b74771687ef6",
  "pins" : [
    {
      "identity" : "audiokit",
      "kind" : "remoteSourceControl",
      "location" : "https://github.com/AudioKit/AudioKit.git",
      "state" : {
        "revision" : "5b3fd238ef8ee95c9842ca4ea83ca58ee151e630",
        "version" : "5.6.5"
      }
    },
    {
      "identity" : "audiokitex",
      "kind" : "remoteSourceControl",
      "location" : "https://github.com/AudioKit/AudioKitEX.git",
      "state" : {
        "revision" : "23e8e3bffd9fbc1dffa72f1d47c7f714dd777288",
        "version" : "5.6.2"
      }
    },
    {
      "identity" : "orb",
      "kind" : "remoteSourceControl",
      "location" : "https://github.com/metasidd/Orb",
      "state" : {
        "revision" : "8c5dda85e55638893f37657b56558968c3e11409",
        "version" : "0.2.0"
      }
    }
  ],
  "version" : 3
}
